// !$*UTF8*$!
{
	archiveVersion = 1;
	classes = {
	};
	objectVersion = 56;
	objects = {

/* Begin PBXBuildFile section */
		21CEA5732CFC493800E3431F /* ToDoListApp.swift in Sources */ = {isa = PBXBuildFile; fileRef = 21CEA5722CFC493800E3431F /* ToDoListApp.swift */; };
		21CEA5772CFC493B00E3431F /* Assets.xcassets in Resources */ = {isa = PBXBuildFile; fileRef = 21CEA5762CFC493B00E3431F /* Assets.xcassets */; };
		21CEA57A2CFC493B00E3431F /* Preview Assets.xcassets in Resources */ = {isa = PBXBuildFile; fileRef = 21CEA5792CFC493B00E3431F /* Preview Assets.xcassets */; };
		21CEA57F2CFC493B00E3431F /* ToDoList.xcdatamodeld in Sources */ = {isa = PBXBuildFile; fileRef = 21CEA57D2CFC493B00E3431F /* ToDoList.xcdatamodeld */; };
		21CEA5932CFC493B00E3431F /* ToDoListUITests.swift in Sources */ = {isa = PBXBuildFile; fileRef = 21CEA5922CFC493B00E3431F /* ToDoListUITests.swift */; };
		21CEA5952CFC493B00E3431F /* ToDoListUITestsLaunchTests.swift in Sources */ = {isa = PBXBuildFile; fileRef = 21CEA5942CFC493B00E3431F /* ToDoListUITestsLaunchTests.swift */; };
		21CEA5BA2CFC5C3C00E3431F /* AlamofireService.swift in Sources */ = {isa = PBXBuildFile; fileRef = 21CEA5B92CFC5C3C00E3431F /* AlamofireService.swift */; };
		21CEA5BC2CFC5C6000E3431F /* Entity.swift in Sources */ = {isa = PBXBuildFile; fileRef = 21CEA5BB2CFC5C6000E3431F /* Entity.swift */; };
		21CEA5BE2CFC5C7300E3431F /* Persistence.swift in Sources */ = {isa = PBXBuildFile; fileRef = 21CEA5BD2CFC5C7300E3431F /* Persistence.swift */; };
		21CEA5C02CFC5C8600E3431F /* TaskItemExtension.swift in Sources */ = {isa = PBXBuildFile; fileRef = 21CEA5BF2CFC5C8600E3431F /* TaskItemExtension.swift */; };
		21CEA5C22CFC5C9700E3431F /* CheckBoxView.swift in Sources */ = {isa = PBXBuildFile; fileRef = 21CEA5C12CFC5C9700E3431F /* CheckBoxView.swift */; };
		21CEA5C42CFC5CA300E3431F /* TaskCell.swift in Sources */ = {isa = PBXBuildFile; fileRef = 21CEA5C32CFC5CA300E3431F /* TaskCell.swift */; };
		21CEA5C62CFC5CB400E3431F /* TaskEditView.swift in Sources */ = {isa = PBXBuildFile; fileRef = 21CEA5C52CFC5CB400E3431F /* TaskEditView.swift */; };
		21CEA5C82CFC5CD600E3431F /* TaskListVew.swift in Sources */ = {isa = PBXBuildFile; fileRef = 21CEA5C72CFC5CD600E3431F /* TaskListVew.swift */; };
		21CEA5CA2CFC5D1800E3431F /* DateHolder.swift in Sources */ = {isa = PBXBuildFile; fileRef = 21CEA5C92CFC5D1800E3431F /* DateHolder.swift */; };
		21CEA5CE2CFC5D3200E3431F /* Alamofire in Frameworks */ = {isa = PBXBuildFile; productRef = 21CEA5CD2CFC5D3200E3431F /* Alamofire */; };
/* End PBXBuildFile section */

/* Begin PBXContainerItemProxy section */
		21CEA5852CFC493B00E3431F /* PBXContainerItemProxy */ = {
			isa = PBXContainerItemProxy;
			containerPortal = 21CEA5672CFC493800E3431F /* Project object */;
			proxyType = 1;
			remoteGlobalIDString = 21CEA56E2CFC493800E3431F;
			remoteInfo = ToDoList;
		};
		21CEA58F2CFC493B00E3431F /* PBXContainerItemProxy */ = {
			isa = PBXContainerItemProxy;
			containerPortal = 21CEA5672CFC493800E3431F /* Project object */;
			proxyType = 1;
			remoteGlobalIDString = 21CEA56E2CFC493800E3431F;
			remoteInfo = ToDoList;
		};
/* End PBXContainerItemProxy section */

/* Begin PBXFileReference section */
		21CEA56F2CFC493800E3431F /* ToDoList.app */ = {isa = PBXFileReference; explicitFileType = wrapper.application; includeInIndex = 0; path = ToDoList.app; sourceTree = BUILT_PRODUCTS_DIR; };
		21CEA5722CFC493800E3431F /* ToDoListApp.swift */ = {isa = PBXFileReference; lastKnownFileType = sourcecode.swift; path = ToDoListApp.swift; sourceTree = "<group>"; };
		21CEA5762CFC493B00E3431F /* Assets.xcassets */ = {isa = PBXFileReference; lastKnownFileType = folder.assetcatalog; path = Assets.xcassets; sourceTree = "<group>"; };
		21CEA5792CFC493B00E3431F /* Preview Assets.xcassets */ = {isa = PBXFileReference; lastKnownFileType = folder.assetcatalog; path = "Preview Assets.xcassets"; sourceTree = "<group>"; };
		21CEA57E2CFC493B00E3431F /* ToDoList.xcdatamodel */ = {isa = PBXFileReference; lastKnownFileType = wrapper.xcdatamodel; path = ToDoList.xcdatamodel; sourceTree = "<group>"; };
		21CEA5842CFC493B00E3431F /* ToDoListTests.xctest */ = {isa = PBXFileReference; explicitFileType = wrapper.cfbundle; includeInIndex = 0; path = ToDoListTests.xctest; sourceTree = BUILT_PRODUCTS_DIR; };
		21CEA58E2CFC493B00E3431F /* ToDoListUITests.xctest */ = {isa = PBXFileReference; explicitFileType = wrapper.cfbundle; includeInIndex = 0; path = ToDoListUITests.xctest; sourceTree = BUILT_PRODUCTS_DIR; };
		21CEA5922CFC493B00E3431F /* ToDoListUITests.swift */ = {isa = PBXFileReference; lastKnownFileType = sourcecode.swift; path = ToDoListUITests.swift; sourceTree = "<group>"; };
		21CEA5942CFC493B00E3431F /* ToDoListUITestsLaunchTests.swift */ = {isa = PBXFileReference; lastKnownFileType = sourcecode.swift; path = ToDoListUITestsLaunchTests.swift; sourceTree = "<group>"; };
		21CEA5B92CFC5C3C00E3431F /* AlamofireService.swift */ = {isa = PBXFileReference; lastKnownFileType = sourcecode.swift; path = AlamofireService.swift; sourceTree = "<group>"; };
		21CEA5BB2CFC5C6000E3431F /* Entity.swift */ = {isa = PBXFileReference; lastKnownFileType = sourcecode.swift; path = Entity.swift; sourceTree = "<group>"; };
		21CEA5BD2CFC5C7300E3431F /* Persistence.swift */ = {isa = PBXFileReference; lastKnownFileType = sourcecode.swift; path = Persistence.swift; sourceTree = "<group>"; };
		21CEA5BF2CFC5C8600E3431F /* TaskItemExtension.swift */ = {isa = PBXFileReference; lastKnownFileType = sourcecode.swift; path = TaskItemExtension.swift; sourceTree = "<group>"; };
		21CEA5C12CFC5C9700E3431F /* CheckBoxView.swift */ = {isa = PBXFileReference; lastKnownFileType = sourcecode.swift; path = CheckBoxView.swift; sourceTree = "<group>"; };
		21CEA5C32CFC5CA300E3431F /* TaskCell.swift */ = {isa = PBXFileReference; lastKnownFileType = sourcecode.swift; path = TaskCell.swift; sourceTree = "<group>"; };
		21CEA5C52CFC5CB400E3431F /* TaskEditView.swift */ = {isa = PBXFileReference; lastKnownFileType = sourcecode.swift; path = TaskEditView.swift; sourceTree = "<group>"; };
		21CEA5C72CFC5CD600E3431F /* TaskListVew.swift */ = {isa = PBXFileReference; lastKnownFileType = sourcecode.swift; path = TaskListVew.swift; sourceTree = "<group>"; };
		21CEA5C92CFC5D1800E3431F /* DateHolder.swift */ = {isa = PBXFileReference; lastKnownFileType = sourcecode.swift; path = DateHolder.swift; sourceTree = "<group>"; };
/* End PBXFileReference section */

/* Begin PBXFrameworksBuildPhase section */
		21CEA56C2CFC493800E3431F /* Frameworks */ = {
			isa = PBXFrameworksBuildPhase;
			buildActionMask = 2147483647;
			files = (
				21CEA5CE2CFC5D3200E3431F /* Alamofire in Frameworks */,
			);
			runOnlyForDeploymentPostprocessing = 0;
		};
		21CEA5812CFC493B00E3431F /* Frameworks */ = {
			isa = PBXFrameworksBuildPhase;
			buildActionMask = 2147483647;
			files = (
			);
			runOnlyForDeploymentPostprocessing = 0;
		};
		21CEA58B2CFC493B00E3431F /* Frameworks */ = {
			isa = PBXFrameworksBuildPhase;
			buildActionMask = 2147483647;
			files = (
			);
			runOnlyForDeploymentPostprocessing = 0;
		};
/* End PBXFrameworksBuildPhase section */

/* Begin PBXGroup section */
		21CEA5662CFC493800E3431F = {
			isa = PBXGroup;
			children = (
				21CEA5712CFC493800E3431F /* ToDoList */,
				21CEA5912CFC493B00E3431F /* ToDoListUITests */,
				21CEA5702CFC493800E3431F /* Products */,
				21CEA5CC2CFC5D3200E3431F /* Frameworks */,
			);
			sourceTree = "<group>";
		};
		21CEA5702CFC493800E3431F /* Products */ = {
			isa = PBXGroup;
			children = (
				21CEA56F2CFC493800E3431F /* ToDoList.app */,
				21CEA5842CFC493B00E3431F /* ToDoListTests.xctest */,
				21CEA58E2CFC493B00E3431F /* ToDoListUITests.xctest */,
			);
			name = Products;
			sourceTree = "<group>";
		};
		21CEA5712CFC493800E3431F /* ToDoList */ = {
			isa = PBXGroup;
			children = (
				21CEA5BD2CFC5C7300E3431F /* Persistence.swift */,
				21CEA5B92CFC5C3C00E3431F /* AlamofireService.swift */,
				21CEA5BF2CFC5C8600E3431F /* TaskItemExtension.swift */,
				21CEA5C12CFC5C9700E3431F /* CheckBoxView.swift */,
				21CEA5C32CFC5CA300E3431F /* TaskCell.swift */,
				21CEA5C52CFC5CB400E3431F /* TaskEditView.swift */,
				21CEA5C72CFC5CD600E3431F /* TaskListVew.swift */,
				21CEA5C92CFC5D1800E3431F /* DateHolder.swift */,
				21CEA5BB2CFC5C6000E3431F /* Entity.swift */,
				21CEA5722CFC493800E3431F /* ToDoListApp.swift */,
				21CEA5762CFC493B00E3431F /* Assets.xcassets */,
				21CEA57D2CFC493B00E3431F /* ToDoList.xcdatamodeld */,
				21CEA5782CFC493B00E3431F /* Preview Content */,
			);
			path = ToDoList;
			sourceTree = "<group>";
		};
		21CEA5782CFC493B00E3431F /* Preview Content */ = {
			isa = PBXGroup;
			children = (
				21CEA5792CFC493B00E3431F /* Preview Assets.xcassets */,
			);
			path = "Preview Content";
			sourceTree = "<group>";
		};
		21CEA5912CFC493B00E3431F /* ToDoListUITests */ = {
			isa = PBXGroup;
			children = (
				21CEA5922CFC493B00E3431F /* ToDoListUITests.swift */,
				21CEA5942CFC493B00E3431F /* ToDoListUITestsLaunchTests.swift */,
			);
			path = ToDoListUITests;
			sourceTree = "<group>";
		};
		21CEA5CC2CFC5D3200E3431F /* Frameworks */ = {
			isa = PBXGroup;
			children = (
			);
			name = Frameworks;
			sourceTree = "<group>";
		};
/* End PBXGroup section */

/* Begin PBXNativeTarget section */
		21CEA56E2CFC493800E3431F /* ToDoList */ = {
			isa = PBXNativeTarget;
			buildConfigurationList = 21CEA5982CFC493B00E3431F /* Build configuration list for PBXNativeTarget "ToDoList" */;
			buildPhases = (
				21CEA56B2CFC493800E3431F /* Sources */,
				21CEA56C2CFC493800E3431F /* Frameworks */,
				21CEA56D2CFC493800E3431F /* Resources */,
			);
			buildRules = (
			);
			dependencies = (
			);
			name = ToDoList;
			packageProductDependencies = (
				21CEA5CD2CFC5D3200E3431F /* Alamofire */,
			);
			productName = ToDoList;
			productReference = 21CEA56F2CFC493800E3431F /* ToDoList.app */;
			productType = "com.apple.product-type.application";
		};
		21CEA5832CFC493B00E3431F /* ToDoListTests */ = {
			isa = PBXNativeTarget;
			buildConfigurationList = 21CEA59B2CFC493B00E3431F /* Build configuration list for PBXNativeTarget "ToDoListTests" */;
			buildPhases = (
				21CEA5802CFC493B00E3431F /* Sources */,
				21CEA5812CFC493B00E3431F /* Frameworks */,
				21CEA5822CFC493B00E3431F /* Resources */,
			);
			buildRules = (
			);
			dependencies = (
				21CEA5862CFC493B00E3431F /* PBXTargetDependency */,
			);
			name = ToDoListTests;
			productName = ToDoListTests;
			productReference = 21CEA5842CFC493B00E3431F /* ToDoListTests.xctest */;
			productType = "com.apple.product-type.bundle.unit-test";
		};
		21CEA58D2CFC493B00E3431F /* ToDoListUITests */ = {
			isa = PBXNativeTarget;
			buildConfigurationList = 21CEA59E2CFC493B00E3431F /* Build configuration list for PBXNativeTarget "ToDoListUITests" */;
			buildPhases = (
				21CEA58A2CFC493B00E3431F /* Sources */,
				21CEA58B2CFC493B00E3431F /* Frameworks */,
				21CEA58C2CFC493B00E3431F /* Resources */,
			);
			buildRules = (
			);
			dependencies = (
				21CEA5902CFC493B00E3431F /* PBXTargetDependency */,
			);
			name = ToDoListUITests;
			productName = ToDoListUITests;
			productReference = 21CEA58E2CFC493B00E3431F /* ToDoListUITests.xctest */;
			productType = "com.apple.product-type.bundle.ui-testing";
		};
/* End PBXNativeTarget section */

/* Begin PBXProject section */
		21CEA5672CFC493800E3431F /* Project object */ = {
			isa = PBXProject;
			attributes = {
				BuildIndependentTargetsInParallel = 1;
				LastSwiftUpdateCheck = 1520;
				LastUpgradeCheck = 1520;
				TargetAttributes = {
					21CEA56E2CFC493800E3431F = {
						CreatedOnToolsVersion = 15.2;
					};
					21CEA5832CFC493B00E3431F = {
						CreatedOnToolsVersion = 15.2;
						TestTargetID = 21CEA56E2CFC493800E3431F;
					};
					21CEA58D2CFC493B00E3431F = {
						CreatedOnToolsVersion = 15.2;
						TestTargetID = 21CEA56E2CFC493800E3431F;
					};
				};
			};
			buildConfigurationList = 21CEA56A2CFC493800E3431F /* Build configuration list for PBXProject "ToDoList" */;
			compatibilityVersion = "Xcode 14.0";
			developmentRegion = en;
			hasScannedForEncodings = 0;
			knownRegions = (
				en,
				Base,
			);
			mainGroup = 21CEA5662CFC493800E3431F;
			packageReferences = (
				21CEA5CB2CFC5D2A00E3431F /* XCRemoteSwiftPackageReference "Alamofire" */,
			);
			productRefGroup = 21CEA5702CFC493800E3431F /* Products */;
			projectDirPath = "";
			projectRoot = "";
			targets = (
				21CEA56E2CFC493800E3431F /* ToDoList */,
				21CEA5832CFC493B00E3431F /* ToDoListTests */,
				21CEA58D2CFC493B00E3431F /* ToDoListUITests */,
			);
		};
/* End PBXProject section */

/* Begin PBXResourcesBuildPhase section */
		21CEA56D2CFC493800E3431F /* Resources */ = {
			isa = PBXResourcesBuildPhase;
			buildActionMask = 2147483647;
			files = (
				21CEA57A2CFC493B00E3431F /* Preview Assets.xcassets in Resources */,
				21CEA5772CFC493B00E3431F /* Assets.xcassets in Resources */,
			);
			runOnlyForDeploymentPostprocessing = 0;
		};
		21CEA5822CFC493B00E3431F /* Resources */ = {
			isa = PBXResourcesBuildPhase;
			buildActionMask = 2147483647;
			files = (
			);
			runOnlyForDeploymentPostprocessing = 0;
		};
		21CEA58C2CFC493B00E3431F /* Resources */ = {
			isa = PBXResourcesBuildPhase;
			buildActionMask = 2147483647;
			files = (
			);
			runOnlyForDeploymentPostprocessing = 0;
		};
/* End PBXResourcesBuildPhase section */

/* Begin PBXSourcesBuildPhase section */
		21CEA56B2CFC493800E3431F /* Sources */ = {
			isa = PBXSourcesBuildPhase;
			buildActionMask = 2147483647;
			files = (
				21CEA5C22CFC5C9700E3431F /* CheckBoxView.swift in Sources */,
				21CEA5C82CFC5CD600E3431F /* TaskListVew.swift in Sources */,
				21CEA5BC2CFC5C6000E3431F /* Entity.swift in Sources */,
				21CEA5732CFC493800E3431F /* ToDoListApp.swift in Sources */,
				21CEA5BA2CFC5C3C00E3431F /* AlamofireService.swift in Sources */,
				21CEA5C42CFC5CA300E3431F /* TaskCell.swift in Sources */,
				21CEA5C02CFC5C8600E3431F /* TaskItemExtension.swift in Sources */,
				21CEA5C62CFC5CB400E3431F /* TaskEditView.swift in Sources */,
				21CEA5CA2CFC5D1800E3431F /* DateHolder.swift in Sources */,
				21CEA57F2CFC493B00E3431F /* ToDoList.xcdatamodeld in Sources */,
				21CEA5BE2CFC5C7300E3431F /* Persistence.swift in Sources */,
			);
			runOnlyForDeploymentPostprocessing = 0;
		};
		21CEA5802CFC493B00E3431F /* Sources */ = {
			isa = PBXSourcesBuildPhase;
			buildActionMask = 2147483647;
			files = (
			);
			runOnlyForDeploymentPostprocessing = 0;
		};
		21CEA58A2CFC493B00E3431F /* Sources */ = {
			isa = PBXSourcesBuildPhase;
			buildActionMask = 2147483647;
			files = (
				21CEA5952CFC493B00E3431F /* ToDoListUITestsLaunchTests.swift in Sources */,
				21CEA5932CFC493B00E3431F /* ToDoListUITests.swift in Sources */,
			);
			runOnlyForDeploymentPostprocessing = 0;
		};
/* End PBXSourcesBuildPhase section */

/* Begin PBXTargetDependency section */
		21CEA5862CFC493B00E3431F /* PBXTargetDependency */ = {
			isa = PBXTargetDependency;
			target = 21CEA56E2CFC493800E3431F /* ToDoList */;
			targetProxy = 21CEA5852CFC493B00E3431F /* PBXContainerItemProxy */;
		};
		21CEA5902CFC493B00E3431F /* PBXTargetDependency */ = {
			isa = PBXTargetDependency;
			target = 21CEA56E2CFC493800E3431F /* ToDoList */;
			targetProxy = 21CEA58F2CFC493B00E3431F /* PBXContainerItemProxy */;
		};
/* End PBXTargetDependency section */

/* Begin XCBuildConfiguration section */
		21CEA5962CFC493B00E3431F /* Debug */ = {
			isa = XCBuildConfiguration;
			buildSettings = {
				ALWAYS_SEARCH_USER_PATHS = NO;
				ASSETCATALOG_COMPILER_GENERATE_SWIFT_ASSET_SYMBOL_EXTENSIONS = YES;
				CLANG_ANALYZER_NONNULL = YES;
				CLANG_ANALYZER_NUMBER_OBJECT_CONVERSION = YES_AGGRESSIVE;
				CLANG_CXX_LANGUAGE_STANDARD = "gnu++20";
				CLANG_ENABLE_MODULES = YES;
				CLANG_ENABLE_OBJC_ARC = YES;
				CLANG_ENABLE_OBJC_WEAK = YES;
				CLANG_WARN_BLOCK_CAPTURE_AUTORELEASING = YES;
				CLANG_WARN_BOOL_CONVERSION = YES;
				CLANG_WARN_COMMA = YES;
				CLANG_WARN_CONSTANT_CONVERSION = YES;
				CLANG_WARN_DEPRECATED_OBJC_IMPLEMENTATIONS = YES;
				CLANG_WARN_DIRECT_OBJC_ISA_USAGE = YES_ERROR;
				CLANG_WARN_DOCUMENTATION_COMMENTS = YES;
				CLANG_WARN_EMPTY_BODY = YES;
				CLANG_WARN_ENUM_CONVERSION = YES;
				CLANG_WARN_INFINITE_RECURSION = YES;
				CLANG_WARN_INT_CONVERSION = YES;
				CLANG_WARN_NON_LITERAL_NULL_CONVERSION = YES;
				CLANG_WARN_OBJC_IMPLICIT_RETAIN_SELF = YES;
				CLANG_WARN_OBJC_LITERAL_CONVERSION = YES;
				CLANG_WARN_OBJC_ROOT_CLASS = YES_ERROR;
				CLANG_WARN_QUOTED_INCLUDE_IN_FRAMEWORK_HEADER = YES;
				CLANG_WARN_RANGE_LOOP_ANALYSIS = YES;
				CLANG_WARN_STRICT_PROTOTYPES = YES;
				CLANG_WARN_SUSPICIOUS_MOVE = YES;
				CLANG_WARN_UNGUARDED_AVAILABILITY = YES_AGGRESSIVE;
				CLANG_WARN_UNREACHABLE_CODE = YES;
				CLANG_WARN__DUPLICATE_METHOD_MATCH = YES;
				COPY_PHASE_STRIP = NO;
				DEBUG_INFORMATION_FORMAT = dwarf;
				ENABLE_STRICT_OBJC_MSGSEND = YES;
				ENABLE_TESTABILITY = YES;
				ENABLE_USER_SCRIPT_SANDBOXING = YES;
				GCC_C_LANGUAGE_STANDARD = gnu17;
				GCC_DYNAMIC_NO_PIC = NO;
				GCC_NO_COMMON_BLOCKS = YES;
				GCC_OPTIMIZATION_LEVEL = 0;
				GCC_PREPROCESSOR_DEFINITIONS = (
					"DEBUG=1",
					"$(inherited)",
				);
				GCC_WARN_64_TO_32_BIT_CONVERSION = YES;
				GCC_WARN_ABOUT_RETURN_TYPE = YES_ERROR;
				GCC_WARN_UNDECLARED_SELECTOR = YES;
				GCC_WARN_UNINITIALIZED_AUTOS = YES_AGGRESSIVE;
				GCC_WARN_UNUSED_FUNCTION = YES;
				GCC_WARN_UNUSED_VARIABLE = YES;
				IPHONEOS_DEPLOYMENT_TARGET = 17.2;
				LOCALIZATION_PREFERS_STRING_CATALOGS = YES;
				MTL_ENABLE_DEBUG_INFO = INCLUDE_SOURCE;
				MTL_FAST_MATH = YES;
				ONLY_ACTIVE_ARCH = YES;
				SDKROOT = iphoneos;
				SWIFT_ACTIVE_COMPILATION_CONDITIONS = "DEBUG $(inherited)";
				SWIFT_OPTIMIZATION_LEVEL = "-Onone";
			};
			name = Debug;
		};
		21CEA5972CFC493B00E3431F /* Release */ = {
			isa = XCBuildConfiguration;
			buildSettings = {
				ALWAYS_SEARCH_USER_PATHS = NO;
				ASSETCATALOG_COMPILER_GENERATE_SWIFT_ASSET_SYMBOL_EXTENSIONS = YES;
				CLANG_ANALYZER_NONNULL = YES;
				CLANG_ANALYZER_NUMBER_OBJECT_CONVERSION = YES_AGGRESSIVE;
				CLANG_CXX_LANGUAGE_STANDARD = "gnu++20";
				CLANG_ENABLE_MODULES = YES;
				CLANG_ENABLE_OBJC_ARC = YES;
				CLANG_ENABLE_OBJC_WEAK = YES;
				CLANG_WARN_BLOCK_CAPTURE_AUTORELEASING = YES;
				CLANG_WARN_BOOL_CONVERSION = YES;
				CLANG_WARN_COMMA = YES;
				CLANG_WARN_CONSTANT_CONVERSION = YES;
				CLANG_WARN_DEPRECATED_OBJC_IMPLEMENTATIONS = YES;
				CLANG_WARN_DIRECT_OBJC_ISA_USAGE = YES_ERROR;
				CLANG_WARN_DOCUMENTATION_COMMENTS = YES;
				CLANG_WARN_EMPTY_BODY = YES;
				CLANG_WARN_ENUM_CONVERSION = YES;
				CLANG_WARN_INFINITE_RECURSION = YES;
				CLANG_WARN_INT_CONVERSION = YES;
				CLANG_WARN_NON_LITERAL_NULL_CONVERSION = YES;
				CLANG_WARN_OBJC_IMPLICIT_RETAIN_SELF = YES;
				CLANG_WARN_OBJC_LITERAL_CONVERSION = YES;
				CLANG_WARN_OBJC_ROOT_CLASS = YES_ERROR;
				CLANG_WARN_QUOTED_INCLUDE_IN_FRAMEWORK_HEADER = YES;
				CLANG_WARN_RANGE_LOOP_ANALYSIS = YES;
				CLANG_WARN_STRICT_PROTOTYPES = YES;
				CLANG_WARN_SUSPICIOUS_MOVE = YES;
				CLANG_WARN_UNGUARDED_AVAILABILITY = YES_AGGRESSIVE;
				CLANG_WARN_UNREACHABLE_CODE = YES;
				CLANG_WARN__DUPLICATE_METHOD_MATCH = YES;
				COPY_PHASE_STRIP = NO;
				DEBUG_INFORMATION_FORMAT = "dwarf-with-dsym";
				ENABLE_NS_ASSERTIONS = NO;
				ENABLE_STRICT_OBJC_MSGSEND = YES;
				ENABLE_USER_SCRIPT_SANDBOXING = YES;
				GCC_C_LANGUAGE_STANDARD = gnu17;
				GCC_NO_COMMON_BLOCKS = YES;
				GCC_WARN_64_TO_32_BIT_CONVERSION = YES;
				GCC_WARN_ABOUT_RETURN_TYPE = YES_ERROR;
				GCC_WARN_UNDECLARED_SELECTOR = YES;
				GCC_WARN_UNINITIALIZED_AUTOS = YES_AGGRESSIVE;
				GCC_WARN_UNUSED_FUNCTION = YES;
				GCC_WARN_UNUSED_VARIABLE = YES;
				IPHONEOS_DEPLOYMENT_TARGET = 17.2;
				LOCALIZATION_PREFERS_STRING_CATALOGS = YES;
				MTL_ENABLE_DEBUG_INFO = NO;
				MTL_FAST_MATH = YES;
				SDKROOT = iphoneos;
				SWIFT_COMPILATION_MODE = wholemodule;
				VALIDATE_PRODUCT = YES;
			};
			name = Release;
		};
		21CEA5992CFC493B00E3431F /* Debug */ = {
			isa = XCBuildConfiguration;
			buildSettings = {
				ASSETCATALOG_COMPILER_APPICON_NAME = AppIcon;
				ASSETCATALOG_COMPILER_GLOBAL_ACCENT_COLOR_NAME = AccentColor;
				CODE_SIGN_STYLE = Automatic;
				CURRENT_PROJECT_VERSION = 1;
				DEVELOPMENT_ASSET_PATHS = "\"ToDoList/Preview Content\"";
				ENABLE_PREVIEWS = YES;
				GENERATE_INFOPLIST_FILE = YES;
				INFOPLIST_KEY_UIApplicationSceneManifest_Generation = YES;
				INFOPLIST_KEY_UIApplicationSupportsIndirectInputEvents = YES;
				INFOPLIST_KEY_UILaunchScreen_Generation = YES;
				INFOPLIST_KEY_UISupportedInterfaceOrientations_iPad = "UIInterfaceOrientationPortrait UIInterfaceOrientationPortraitUpsideDown UIInterfaceOrientationLandscapeLeft UIInterfaceOrientationLandscapeRight";
				INFOPLIST_KEY_UISupportedInterfaceOrientations_iPhone = "UIInterfaceOrientationPortrait UIInterfaceOrientationLandscapeLeft UIInterfaceOrientationLandscapeRight";
				LD_RUNPATH_SEARCH_PATHS = (
					"$(inherited)",
					"@executable_path/Frameworks",
				);
				MARKETING_VERSION = 1.0;
				PRODUCT_BUNDLE_IDENTIFIER = c.ToDoList;
				PRODUCT_NAME = "$(TARGET_NAME)";
				SWIFT_EMIT_LOC_STRINGS = YES;
				SWIFT_VERSION = 5.0;
				TARGETED_DEVICE_FAMILY = "1,2";
			};
			name = Debug;
		};
		21CEA59A2CFC493B00E3431F /* Release */ = {
			isa = XCBuildConfiguration;
			buildSettings = {
				ASSETCATALOG_COMPILER_APPICON_NAME = AppIcon;
				ASSETCATALOG_COMPILER_GLOBAL_ACCENT_COLOR_NAME = AccentColor;
				CODE_SIGN_STYLE = Automatic;
				CURRENT_PROJECT_VERSION = 1;
				DEVELOPMENT_ASSET_PATHS = "\"ToDoList/Preview Content\"";
				ENABLE_PREVIEWS = YES;
				GENERATE_INFOPLIST_FILE = YES;
				INFOPLIST_KEY_UIApplicationSceneManifest_Generation = YES;
				INFOPLIST_KEY_UIApplicationSupportsIndirectInputEvents = YES;
				INFOPLIST_KEY_UILaunchScreen_Generation = YES;
				INFOPLIST_KEY_UISupportedInterfaceOrientations_iPad = "UIInterfaceOrientationPortrait UIInterfaceOrientationPortraitUpsideDown UIInterfaceOrientationLandscapeLeft UIInterfaceOrientationLandscapeRight";
				INFOPLIST_KEY_UISupportedInterfaceOrientations_iPhone = "UIInterfaceOrientationPortrait UIInterfaceOrientationLandscapeLeft UIInterfaceOrientationLandscapeRight";
				LD_RUNPATH_SEARCH_PATHS = (
					"$(inherited)",
					"@executable_path/Frameworks",
				);
				MARKETING_VERSION = 1.0;
				PRODUCT_BUNDLE_IDENTIFIER = c.ToDoList;
				PRODUCT_NAME = "$(TARGET_NAME)";
				SWIFT_EMIT_LOC_STRINGS = YES;
				SWIFT_VERSION = 5.0;
				TARGETED_DEVICE_FAMILY = "1,2";
			};
			name = Release;
		};
		21CEA59C2CFC493B00E3431F /* Debug */ = {
			isa = XCBuildConfiguration;
			buildSettings = {
				ALWAYS_EMBED_SWIFT_STANDARD_LIBRARIES = YES;
				BUNDLE_LOADER = "$(TEST_HOST)";
				CODE_SIGN_STYLE = Automatic;
				CURRENT_PROJECT_VERSION = 1;
				GENERATE_INFOPLIST_FILE = YES;
				IPHONEOS_DEPLOYMENT_TARGET = 17.2;
				MARKETING_VERSION = 1.0;
				PRODUCT_BUNDLE_IDENTIFIER = c.ToDoListTests;
				PRODUCT_NAME = "$(TARGET_NAME)";
				SWIFT_EMIT_LOC_STRINGS = NO;
				SWIFT_VERSION = 5.0;
				TARGETED_DEVICE_FAMILY = "1,2";
				TEST_HOST = "$(BUILT_PRODUCTS_DIR)/ToDoList.app/$(BUNDLE_EXECUTABLE_FOLDER_PATH)/ToDoList";
			};
			name = Debug;
		};
		21CEA59D2CFC493B00E3431F /* Release */ = {
			isa = XCBuildConfiguration;
			buildSettings = {
				ALWAYS_EMBED_SWIFT_STANDARD_LIBRARIES = YES;
				BUNDLE_LOADER = "$(TEST_HOST)";
				CODE_SIGN_STYLE = Automatic;
				CURRENT_PROJECT_VERSION = 1;
				GENERATE_INFOPLIST_FILE = YES;
				IPHONEOS_DEPLOYMENT_TARGET = 17.2;
				MARKETING_VERSION = 1.0;
				PRODUCT_BUNDLE_IDENTIFIER = c.ToDoListTests;
				PRODUCT_NAME = "$(TARGET_NAME)";
				SWIFT_EMIT_LOC_STRINGS = NO;
				SWIFT_VERSION = 5.0;
				TARGETED_DEVICE_FAMILY = "1,2";
				TEST_HOST = "$(BUILT_PRODUCTS_DIR)/ToDoList.app/$(BUNDLE_EXECUTABLE_FOLDER_PATH)/ToDoList";
			};
			name = Release;
		};
		21CEA59F2CFC493B00E3431F /* Debug */ = {
			isa = XCBuildConfiguration;
			buildSettings = {
				ALWAYS_EMBED_SWIFT_STANDARD_LIBRARIES = YES;
				CODE_SIGN_STYLE = Automatic;
				CURRENT_PROJECT_VERSION = 1;
				GENERATE_INFOPLIST_FILE = YES;
				MARKETING_VERSION = 1.0;
				PRODUCT_BUNDLE_IDENTIFIER = c.ToDoListUITests;
				PRODUCT_NAME = "$(TARGET_NAME)";
				SWIFT_EMIT_LOC_STRINGS = NO;
				SWIFT_VERSION = 5.0;
				TARGETED_DEVICE_FAMILY = "1,2";
				TEST_TARGET_NAME = ToDoList;
			};
			name = Debug;
		};
		21CEA5A02CFC493B00E3431F /* Release */ = {
			isa = XCBuildConfiguration;
			buildSettings = {
				ALWAYS_EMBED_SWIFT_STANDARD_LIBRARIES = YES;
				CODE_SIGN_STYLE = Automatic;
				CURRENT_PROJECT_VERSION = 1;
				GENERATE_INFOPLIST_FILE = YES;
				MARKETING_VERSION = 1.0;
				PRODUCT_BUNDLE_IDENTIFIER = c.ToDoListUITests;
				PRODUCT_NAME = "$(TARGET_NAME)";
				SWIFT_EMIT_LOC_STRINGS = NO;
				SWIFT_VERSION = 5.0;
				TARGETED_DEVICE_FAMILY = "1,2";
				TEST_TARGET_NAME = ToDoList;
			};
			name = Release;
		};
/* End XCBuildConfiguration section */

/* Begin XCConfigurationList section */
		21CEA56A2CFC493800E3431F /* Build configuration list for PBXProject "ToDoList" */ = {
			isa = XCConfigurationList;
			buildConfigurations = (
				21CEA5962CFC493B00E3431F /* Debug */,
				21CEA5972CFC493B00E3431F /* Release */,
			);
			defaultConfigurationIsVisible = 0;
			defaultConfigurationName = Release;
		};
		21CEA5982CFC493B00E3431F /* Build configuration list for PBXNativeTarget "ToDoList" */ = {
			isa = XCConfigurationList;
			buildConfigurations = (
				21CEA5992CFC493B00E3431F /* Debug */,
				21CEA59A2CFC493B00E3431F /* Release */,
			);
			defaultConfigurationIsVisible = 0;
			defaultConfigurationName = Release;
		};
		21CEA59B2CFC493B00E3431F /* Build configuration list for PBXNativeTarget "ToDoListTests" */ = {
			isa = XCConfigurationList;
			buildConfigurations = (
				21CEA59C2CFC493B00E3431F /* Debug */,
				21CEA59D2CFC493B00E3431F /* Release */,
			);
			defaultConfigurationIsVisible = 0;
			defaultConfigurationName = Release;
		};
		21CEA59E2CFC493B00E3431F /* Build configuration list for PBXNativeTarget "ToDoListUITests" */ = {
			isa = XCConfigurationList;
			buildConfigurations = (
				21CEA59F2CFC493B00E3431F /* Debug */,
				21CEA5A02CFC493B00E3431F /* Release */,
			);
			defaultConfigurationIsVisible = 0;
			defaultConfigurationName = Release;
		};
/* End XCConfigurationList section */

/* Begin XCRemoteSwiftPackageReference section */
		21CEA5CB2CFC5D2A00E3431F /* XCRemoteSwiftPackageReference "Alamofire" */ = {
			isa = XCRemoteSwiftPackageReference;
			repositoryURL = "https://github.com/Alamofire/Alamofire.git";
			requirement = {
				kind = upToNextMajorVersion;
				minimumVersion = 5.10.2;
			};
		};
/* End XCRemoteSwiftPackageReference section */

/* Begin XCSwiftPackageProductDependency section */
		21CEA5CD2CFC5D3200E3431F /* Alamofire */ = {
			isa = XCSwiftPackageProductDependency;
			package = 21CEA5CB2CFC5D2A00E3431F /* XCRemoteSwiftPackageReference "Alamofire" */;
			productName = Alamofire;
		};
/* End XCSwiftPackageProductDependency section */

/* Begin XCVersionGroup section */
		21CEA57D2CFC493B00E3431F /* ToDoList.xcdatamodeld */ = {
			isa = XCVersionGroup;
			children = (
				21CEA57E2CFC493B00E3431F /* ToDoList.xcdatamodel */,
			);
			currentVersion = 21CEA57E2CFC493B00E3431F /* ToDoList.xcdatamodel */;
			path = ToDoList.xcdatamodeld;
			sourceTree = "<group>";
			versionGroupType = wrapper.xcdatamodel;
		};
/* End XCVersionGroup section */
	};
	rootObject = 21CEA5672CFC493800E3431F /* Project object */;
}
